
Microsoft Visual Studio Solution File, Format Version 12.00
# Visual Studio Version 16
VisualStudioVersion = 16.0.30621.155
MinimumVisualStudioVersion = 10.0.40219.1
Project("{FAE04EC0-301F-11D3-BF4B-00C04F79EFBD}") = "iot-developer-tsi-m2", "iot-developer-tsi-m2.csproj", "{3454C4F7-8EAB-4494-A53F-6F50E768CAD7}"
EndProject
Global
	GlobalSection(SolutionConfigurationPlatforms) = preSolution
		Debug|Any CPU = Debug|Any CPU
		Release|Any CPU = Release|Any CPU
	EndGlobalSection
	GlobalSection(ProjectConfigurationPlatforms) = postSolution
		{3454C4F7-8EAB-4494-A53F-6F50E768CAD7}.Debug|Any CPU.ActiveCfg = Debug|Any CPU
		{3454C4F7-8EAB-4494-A53F-6F50E768CAD7}.Debug|Any CPU.Build.0 = Debug|Any CPU
		{3454C4F7-8EAB-4494-A53F-6F50E768CAD7}.Release|Any CPU.ActiveCfg = Release|Any CPU
		{3454C4F7-8EAB-4494-A53F-6F50E768CAD7}.Release|Any CPU.Build.0 = Release|Any CPU
	EndGlobalSection
	GlobalSection(SolutionProperties) = preSolution
		HideSolutionNode = FALSE
	EndGlobalSection
	GlobalSection(ExtensibilityGlobals) = postSolution
		SolutionGuid = {EE4EBA6D-0EE8-4D82-B53F-3A49E5A90075}
	EndGlobalSection
EndGlobal
